<?xml version="1.0" encoding="UTF-8"?>
<!DOCTYPE plist PUBLIC "-//Apple//DTD PLIST 1.0//EN" "http://www.apple.com/DTDs/PropertyList-1.0.dtd">
<plist version="1.0">
<dict>
	<key>archiveVersion</key>
	<string>1</string>
	<key>classes</key>
	<dict/>
	<key>objectVersion</key>
	<string>46</string>
	<key>objects</key>
	<dict>
		<key>08F8A26C9B715D9AE2F028CD</key>
		<dict>
			<key>buildActionMask</key>
			<string>2147483647</string>
			<key>files</key>
			<array/>
			<key>inputPaths</key>
			<array/>
			<key>isa</key>
			<string>PBXShellScriptBuildPhase</string>
			<key>name</key>
			<string>Check Pods Manifest.lock</string>
			<key>outputPaths</key>
			<array/>
			<key>runOnlyForDeploymentPostprocessing</key>
			<string>0</string>
			<key>shellPath</key>
			<string>/bin/sh</string>
			<key>shellScript</key>
			<string>diff "${PODS_ROOT}/../Podfile.lock" "${PODS_ROOT}/Manifest.lock" &gt; /dev/null
if [[ $? != 0 ]] ; then
    cat &lt;&lt; EOM
error: The sandbox is not in sync with the Podfile.lock. Run 'pod install' or update your CocoaPods installation.
EOM
    exit 1
fi
</string>
			<key>showEnvVarsInLog</key>
			<string>0</string>
		</dict>
		<key>0F1D42F5893E268815E6C1EA</key>
		<dict>
			<key>buildActionMask</key>
			<string>2147483647</string>
			<key>files</key>
			<array/>
			<key>inputPaths</key>
			<array/>
			<key>isa</key>
			<string>PBXShellScriptBuildPhase</string>
			<key>name</key>
			<string>Copy Pods Resources</string>
			<key>outputPaths</key>
			<array/>
			<key>runOnlyForDeploymentPostprocessing</key>
			<string>0</string>
			<key>shellPath</key>
			<string>/bin/sh</string>
			<key>shellScript</key>
			<string>"${SRCROOT}/Pods/Target Support Files/Pods-PictoGifTests/Pods-PictoGifTests-resources.sh"
</string>
			<key>showEnvVarsInLog</key>
			<string>0</string>
		</dict>
		<key>140D45CA1C8CBB640022A7F0</key>
		<dict>
			<key>fileEncoding</key>
			<string>4</string>
			<key>isa</key>
			<string>PBXFileReference</string>
			<key>lastKnownFileType</key>
			<string>sourcecode.swift</string>
			<key>path</key>
			<string>UIColor+PicDive.swift</string>
			<key>sourceTree</key>
			<string>&lt;group&gt;</string>
		</dict>
		<key>140D45CB1C8CBB640022A7F0</key>
		<dict>
			<key>fileRef</key>
			<string>140D45CA1C8CBB640022A7F0</string>
			<key>isa</key>
			<string>PBXBuildFile</string>
		</dict>
		<key>1425C7C81C7A2A9F0034B370</key>
		<dict>
			<key>fileEncoding</key>
			<string>4</string>
			<key>isa</key>
			<string>PBXFileReference</string>
			<key>lastKnownFileType</key>
			<string>sourcecode.swift</string>
			<key>path</key>
			<string>PicScopeView.swift</string>
			<key>sourceTree</key>
			<string>&lt;group&gt;</string>
		</dict>
		<key>1425C7C91C7A2A9F0034B370</key>
		<dict>
			<key>fileRef</key>
			<string>1425C7C81C7A2A9F0034B370</string>
			<key>isa</key>
			<string>PBXBuildFile</string>
		</dict>
		<key>1426C19C1C8CC50F00308155</key>
		<dict>
			<key>children</key>
			<array>
				<string>4877D2C71CB73A7F007FBB07</string>
				<string>48EDFF571CD22DDA00B879D3</string>
				<string>149D31DD1C75480900866522</string>
				<string>48EDFF511CD0593C00B879D3</string>
				<string>4884BFE21CDFEE9C00761F30</string>
				<string>48EDFF531CD05A2A00B879D3</string>
				<string>48EDFF551CD05ED700B879D3</string>
			</array>
			<key>isa</key>
			<string>PBXGroup</string>
			<key>name</key>
			<string>ViewControllers</string>
			<key>sourceTree</key>
			<string>&lt;group&gt;</string>
		</dict>
		<key>1426C19F1C8CC94600308155</key>
		<dict>
			<key>fileEncoding</key>
			<string>4</string>
			<key>isa</key>
			<string>PBXFileReference</string>
			<key>lastKnownFileType</key>
			<string>sourcecode.swift</string>
			<key>path</key>
			<string>UIFont+PicDive.swift</string>
			<key>sourceTree</key>
			<string>&lt;group&gt;</string>
		</dict>
		<key>1426C1A01C8CC94600308155</key>
		<dict>
			<key>fileRef</key>
			<string>1426C19F1C8CC94600308155</string>
			<key>isa</key>
			<string>PBXBuildFile</string>
		</dict>
		<key>1426C1A21C8CCAE900308155</key>
		<dict>
			<key>children</key>
			<array>
				<string>149D31DB1C75480900866522</string>
				<string>4892771C1D039C0000DEB9B3</string>
				<string>4892771A1D039BFA00DEB9B3</string>
				<string>489277201D0482FC00DEB9B3</string>
				<string>149D31E21C75480A00866522</string>
				<string>149D31E41C75480B00866522</string>
				<string>149D31E71C75480B00866522</string>
			</array>
			<key>isa</key>
			<string>PBXGroup</string>
			<key>name</key>
			<string>Supporting Files</string>
			<key>sourceTree</key>
			<string>&lt;group&gt;</string>
		</dict>
		<key>1426C1A41C8CCF9900308155</key>
		<dict>
			<key>children</key>
			<array>
				<string>48FFB2261C78B3E3002340D7</string>
				<string>48FFB2281C78B3F4002340D7</string>
				<string>48A0C7E01CFD062B00ACD5A7</string>
				<string>48A0C7DE1CFD006500ACD5A7</string>
				<string>48EDFF5B1CD6411A00B879D3</string>
				<string>140D45CA1C8CBB640022A7F0</string>
				<string>1426C19F1C8CC94600308155</string>
				<string>48A0C7D61CEC904300ACD5A7</string>
				<string>48D123221D032E3E00622647</string>
			</array>
			<key>isa</key>
			<string>PBXGroup</string>
			<key>name</key>
			<string>UIKit+Picdive</string>
			<key>sourceTree</key>
			<string>&lt;group&gt;</string>
		</dict>
		<key>1426C1A51C8CCFA500308155</key>
		<dict>
			<key>children</key>
			<array>
				<string>1425C7C81C7A2A9F0034B370</string>
				<string>48A0C7DC1CFC8B4600ACD5A7</string>
				<string>489277221D059DFB00DEB9B3</string>
				<string>48A7C2301CCBEF7B0011D669</string>
				<string>48A7C22C1CCBEF1F0011D669</string>
				<string>1497E25D1CF5301D00A9E253</string>
			</array>
			<key>isa</key>
			<string>PBXGroup</string>
			<key>name</key>
			<string>Views</string>
			<key>sourceTree</key>
			<string>&lt;group&gt;</string>
		</dict>
		<key>1426C1A61C8CCFBC00308155</key>
		<dict>
			<key>children</key>
			<array>
				<string>1437B7A91C7FDDDD004AF560</string>
				<string>48A0C7DA1CFC8B3000ACD5A7</string>
				<string>48A7C22E1CCBEF5A0011D669</string>
			</array>
			<key>isa</key>
			<string>PBXGroup</string>
			<key>name</key>
			<string>Models</string>
			<key>sourceTree</key>
			<string>&lt;group&gt;</string>
		</dict>
		<key>1437B7A91C7FDDDD004AF560</key>
		<dict>
			<key>fileEncoding</key>
			<string>4</string>
			<key>isa</key>
			<string>PBXFileReference</string>
			<key>lastKnownFileType</key>
			<string>sourcecode.swift</string>
			<key>path</key>
			<string>Gif.swift</string>
			<key>sourceTree</key>
			<string>&lt;group&gt;</string>
		</dict>
		<key>1437B7AA1C7FDDDD004AF560</key>
		<dict>
			<key>fileRef</key>
			<string>1437B7A91C7FDDDD004AF560</string>
			<key>isa</key>
			<string>PBXBuildFile</string>
		</dict>
		<key>1497E25D1CF5301D00A9E253</key>
		<dict>
			<key>fileEncoding</key>
			<string>4</string>
			<key>isa</key>
			<string>PBXFileReference</string>
			<key>lastKnownFileType</key>
			<string>sourcecode.swift</string>
			<key>path</key>
			<string>Slider.swift</string>
			<key>sourceTree</key>
			<string>&lt;group&gt;</string>
		</dict>
		<key>1497E25E1CF5301D00A9E253</key>
		<dict>
			<key>fileRef</key>
			<string>1497E25D1CF5301D00A9E253</string>
			<key>isa</key>
			<string>PBXBuildFile</string>
		</dict>
		<key>149D31CF1C75480700866522</key>
		<dict>
			<key>children</key>
			<array>
				<string>149D31DA1C75480900866522</string>
				<string>149D31EF1C75480D00866522</string>
				<string>149D31D91C75480900866522</string>
				<string>E78F29AAA2B2E908448FA1A3</string>
				<string>BF258069B23DC4DF63FE01B3</string>
			</array>
			<key>isa</key>
			<string>PBXGroup</string>
			<key>sourceTree</key>
			<string>&lt;group&gt;</string>
		</dict>
		<key>149D31D01C75480700866522</key>
		<dict>
			<key>attributes</key>
			<dict>
				<key>LastSwiftUpdateCheck</key>
				<string>0720</string>
				<key>LastUpgradeCheck</key>
				<string>0720</string>
				<key>ORGANIZATIONNAME</key>
				<string>Sean</string>
				<key>TargetAttributes</key>
				<dict>
					<key>149D31D71C75480800866522</key>
					<dict>
						<key>CreatedOnToolsVersion</key>
						<string>7.2.1</string>
						<key>DevelopmentTeam</key>
						<string>7VU28Z8W3T</string>
						<key>SystemCapabilities</key>
						<dict>
							<key>com.apple.InAppPurchase</key>
							<dict>
								<key>enabled</key>
								<string>1</string>
							</dict>
						</dict>
					</dict>
					<key>149D31EB1C75480D00866522</key>
					<dict>
						<key>CreatedOnToolsVersion</key>
						<string>7.2.1</string>
						<key>TestTargetID</key>
						<string>149D31D71C75480800866522</string>
					</dict>
				</dict>
			</dict>
			<key>buildConfigurationList</key>
			<string>149D31D31C75480700866522</string>
			<key>compatibilityVersion</key>
			<string>Xcode 3.2</string>
			<key>developmentRegion</key>
			<string>English</string>
			<key>hasScannedForEncodings</key>
			<string>0</string>
			<key>isa</key>
			<string>PBXProject</string>
			<key>knownRegions</key>
			<array>
				<string>en</string>
				<string>Base</string>
			</array>
			<key>mainGroup</key>
			<string>149D31CF1C75480700866522</string>
			<key>productRefGroup</key>
			<string>149D31D91C75480900866522</string>
			<key>projectDirPath</key>
			<string></string>
			<key>projectReferences</key>
			<array/>
			<key>projectRoot</key>
			<string></string>
			<key>targets</key>
			<array>
				<string>149D31D71C75480800866522</string>
				<string>149D31EB1C75480D00866522</string>
			</array>
		</dict>
		<key>149D31D31C75480700866522</key>
		<dict>
			<key>buildConfigurations</key>
			<array>
				<string>149D31F31C75480D00866522</string>
				<string>149D31F41C75480D00866522</string>
			</array>
			<key>defaultConfigurationIsVisible</key>
			<string>0</string>
			<key>defaultConfigurationName</key>
			<string>Release</string>
			<key>isa</key>
			<string>XCConfigurationList</string>
		</dict>
		<key>149D31D41C75480800866522</key>
		<dict>
			<key>buildActionMask</key>
			<string>2147483647</string>
			<key>files</key>
			<array>
				<string>48A0C7DB1CFC8B3000ACD5A7</string>
				<string>1425C7C91C7A2A9F0034B370</string>
				<string>48EDFF541CD05A2A00B879D3</string>
				<string>48A7C22F1CCBEF5A0011D669</string>
				<string>4892771D1D039C0000DEB9B3</string>
				<string>48FFB2271C78B3E3002340D7</string>
				<string>48EDFF521CD0593C00B879D3</string>
				<string>48A0C7DD1CFC8B4600ACD5A7</string>
				<string>1426C1A01C8CC94600308155</string>
				<string>48D123231D032E3E00622647</string>
				<string>149D31DE1C75480900866522</string>
				<string>48FFB2291C78B3F4002340D7</string>
				<string>149D31DC1C75480900866522</string>
				<string>1437B7AA1C7FDDDD004AF560</string>
				<string>4884BFE31CDFEE9C00761F30</string>
				<string>4892771B1D039BFA00DEB9B3</string>
				<string>489277231D059DFB00DEB9B3</string>
				<string>48A0C7E11CFD062B00ACD5A7</string>
				<string>48A0C7D71CEC904300ACD5A7</string>
				<string>1497E25E1CF5301D00A9E253</string>
				<string>48EDFF581CD22DDA00B879D3</string>
				<string>48EDFF561CD05ED700B879D3</string>
				<string>48A7C2311CCBEF7B0011D669</string>
				<string>48A0C7DF1CFD006500ACD5A7</string>
				<string>48EDFF5C1CD6411A00B879D3</string>
				<string>48A7C22D1CCBEF1F0011D669</string>
				<string>140D45CB1C8CBB640022A7F0</string>
				<string>4877D2C81CB73A7F007FBB07</string>
			</array>
			<key>isa</key>
			<string>PBXSourcesBuildPhase</string>
			<key>runOnlyForDeploymentPostprocessing</key>
			<string>0</string>
		</dict>
		<key>149D31D51C75480800866522</key>
		<dict>
			<key>buildActionMask</key>
			<string>2147483647</string>
			<key>files</key>
			<array>
				<string>932EA90B75C1F5FAD99F9776</string>
				<string>489277191D039AD400DEB9B3</string>
				<string>8F778AA7CAAAF16EE5BB8863</string>
			</array>
			<key>isa</key>
			<string>PBXFrameworksBuildPhase</string>
			<key>runOnlyForDeploymentPostprocessing</key>
			<string>0</string>
		</dict>
		<key>149D31D61C75480800866522</key>
		<dict>
			<key>buildActionMask</key>
			<string>2147483647</string>
			<key>files</key>
			<array>
				<string>489277211D04852400DEB9B3</string>
				<string>149D31E61C75480B00866522</string>
				<string>149D31E31C75480A00866522</string>
			</array>
			<key>isa</key>
			<string>PBXResourcesBuildPhase</string>
			<key>runOnlyForDeploymentPostprocessing</key>
			<string>0</string>
		</dict>
		<key>149D31D71C75480800866522</key>
		<dict>
			<key>buildConfigurationList</key>
			<string>149D31F51C75480D00866522</string>
			<key>buildPhases</key>
			<array>
				<string>5EE3BA97FC855E9367121E03</string>
				<string>149D31D41C75480800866522</string>
				<string>149D31D51C75480800866522</string>
				<string>149D31D61C75480800866522</string>
				<string>A5810AF91322143C6C8DC891</string>
				<string>AA5F25A58D0D644A7E6CE0C1</string>
			</array>
			<key>buildRules</key>
			<array/>
			<key>dependencies</key>
			<array/>
			<key>isa</key>
			<string>PBXNativeTarget</string>
			<key>name</key>
			<string>PictoGif</string>
			<key>productName</key>
			<string>picdive</string>
			<key>productReference</key>
			<string>149D31D81C75480900866522</string>
			<key>productType</key>
			<string>com.apple.product-type.application</string>
		</dict>
		<key>149D31D81C75480900866522</key>
		<dict>
			<key>explicitFileType</key>
			<string>wrapper.application</string>
			<key>includeInIndex</key>
			<string>0</string>
			<key>isa</key>
			<string>PBXFileReference</string>
			<key>path</key>
			<string>PictoGif.app</string>
			<key>sourceTree</key>
			<string>BUILT_PRODUCTS_DIR</string>
		</dict>
		<key>149D31D91C75480900866522</key>
		<dict>
			<key>children</key>
			<array>
				<string>149D31D81C75480900866522</string>
				<string>149D31EC1C75480D00866522</string>
			</array>
			<key>isa</key>
			<string>PBXGroup</string>
			<key>name</key>
			<string>Products</string>
			<key>sourceTree</key>
			<string>&lt;group&gt;</string>
		</dict>
		<key>149D31DA1C75480900866522</key>
		<dict>
			<key>children</key>
			<array>
				<string>1426C1A61C8CCFBC00308155</string>
				<string>1426C19C1C8CC50F00308155</string>
				<string>1426C1A51C8CCFA500308155</string>
				<string>1426C1A41C8CCF9900308155</string>
				<string>1426C1A21C8CCAE900308155</string>
			</array>
			<key>isa</key>
			<string>PBXGroup</string>
			<key>path</key>
			<string>picdive</string>
			<key>sourceTree</key>
			<string>&lt;group&gt;</string>
		</dict>
		<key>149D31DB1C75480900866522</key>
		<dict>
			<key>isa</key>
			<string>PBXFileReference</string>
			<key>lastKnownFileType</key>
			<string>sourcecode.swift</string>
			<key>path</key>
			<string>AppDelegate.swift</string>
			<key>sourceTree</key>
			<string>&lt;group&gt;</string>
		</dict>
		<key>149D31DC1C75480900866522</key>
		<dict>
			<key>fileRef</key>
			<string>149D31DB1C75480900866522</string>
			<key>isa</key>
			<string>PBXBuildFile</string>
		</dict>
		<key>149D31DD1C75480900866522</key>
		<dict>
			<key>isa</key>
			<string>PBXFileReference</string>
			<key>lastKnownFileType</key>
			<string>sourcecode.swift</string>
			<key>path</key>
			<string>ScopeViewController.swift</string>
			<key>sourceTree</key>
			<string>&lt;group&gt;</string>
		</dict>
		<key>149D31DE1C75480900866522</key>
		<dict>
			<key>fileRef</key>
			<string>149D31DD1C75480900866522</string>
			<key>isa</key>
			<string>PBXBuildFile</string>
		</dict>
		<key>149D31E21C75480A00866522</key>
		<dict>
			<key>isa</key>
			<string>PBXFileReference</string>
			<key>lastKnownFileType</key>
			<string>folder.assetcatalog</string>
			<key>path</key>
			<string>Assets.xcassets</string>
			<key>sourceTree</key>
			<string>&lt;group&gt;</string>
		</dict>
		<key>149D31E31C75480A00866522</key>
		<dict>
			<key>fileRef</key>
			<string>149D31E21C75480A00866522</string>
			<key>isa</key>
			<string>PBXBuildFile</string>
		</dict>
		<key>149D31E41C75480B00866522</key>
		<dict>
			<key>children</key>
			<array>
				<string>149D31E51C75480B00866522</string>
			</array>
			<key>isa</key>
			<string>PBXVariantGroup</string>
			<key>name</key>
			<string>LaunchScreen.storyboard</string>
			<key>sourceTree</key>
			<string>&lt;group&gt;</string>
		</dict>
		<key>149D31E51C75480B00866522</key>
		<dict>
			<key>isa</key>
			<string>PBXFileReference</string>
			<key>lastKnownFileType</key>
			<string>file.storyboard</string>
			<key>name</key>
			<string>Base</string>
			<key>path</key>
			<string>Base.lproj/LaunchScreen.storyboard</string>
			<key>sourceTree</key>
			<string>&lt;group&gt;</string>
		</dict>
		<key>149D31E61C75480B00866522</key>
		<dict>
			<key>fileRef</key>
			<string>149D31E41C75480B00866522</string>
			<key>isa</key>
			<string>PBXBuildFile</string>
		</dict>
		<key>149D31E71C75480B00866522</key>
		<dict>
			<key>isa</key>
			<string>PBXFileReference</string>
			<key>lastKnownFileType</key>
			<string>text.plist.xml</string>
			<key>path</key>
			<string>Info.plist</string>
			<key>sourceTree</key>
			<string>&lt;group&gt;</string>
		</dict>
		<key>149D31E81C75480D00866522</key>
		<dict>
			<key>buildActionMask</key>
			<string>2147483647</string>
			<key>files</key>
			<array>
				<string>48FFB22C1C78B840002340D7</string>
				<string>48EDFF5A1CD63ED300B879D3</string>
			</array>
			<key>isa</key>
			<string>PBXSourcesBuildPhase</string>
			<key>runOnlyForDeploymentPostprocessing</key>
			<string>0</string>
		</dict>
		<key>149D31E91C75480D00866522</key>
		<dict>
			<key>buildActionMask</key>
			<string>2147483647</string>
			<key>files</key>
			<array>
				<string>1BF858C01DAC648F509288EE</string>
				<string>222F278ABF557131B2FCC983</string>
			</array>
			<key>isa</key>
			<string>PBXFrameworksBuildPhase</string>
			<key>runOnlyForDeploymentPostprocessing</key>
			<string>0</string>
		</dict>
		<key>149D31EA1C75480D00866522</key>
		<dict>
			<key>buildActionMask</key>
			<string>2147483647</string>
			<key>files</key>
			<array/>
			<key>isa</key>
			<string>PBXResourcesBuildPhase</string>
			<key>runOnlyForDeploymentPostprocessing</key>
			<string>0</string>
		</dict>
		<key>149D31EB1C75480D00866522</key>
		<dict>
			<key>buildConfigurationList</key>
			<string>149D31F81C75480D00866522</string>
			<key>buildPhases</key>
			<array>
				<string>08F8A26C9B715D9AE2F028CD</string>
				<string>149D31E81C75480D00866522</string>
				<string>149D31E91C75480D00866522</string>
				<string>149D31EA1C75480D00866522</string>
				<string>D2618D6F052D67614AFE7112</string>
				<string>0F1D42F5893E268815E6C1EA</string>
			</array>
			<key>buildRules</key>
			<array/>
			<key>dependencies</key>
			<array>
				<string>149D31EE1C75480D00866522</string>
			</array>
			<key>isa</key>
			<string>PBXNativeTarget</string>
			<key>name</key>
			<string>PictoGifTests</string>
			<key>productName</key>
			<string>picdiveTests</string>
			<key>productReference</key>
			<string>149D31EC1C75480D00866522</string>
			<key>productType</key>
			<string>com.apple.product-type.bundle.unit-test</string>
		</dict>
		<key>149D31EC1C75480D00866522</key>
		<dict>
			<key>explicitFileType</key>
			<string>wrapper.cfbundle</string>
			<key>includeInIndex</key>
			<string>0</string>
			<key>isa</key>
			<string>PBXFileReference</string>
			<key>path</key>
			<string>PictoGif.xctest</string>
			<key>sourceTree</key>
			<string>BUILT_PRODUCTS_DIR</string>
		</dict>
		<key>149D31ED1C75480D00866522</key>
		<dict>
			<key>containerPortal</key>
			<string>149D31D01C75480700866522</string>
			<key>isa</key>
			<string>PBXContainerItemProxy</string>
			<key>proxyType</key>
			<string>1</string>
			<key>remoteGlobalIDString</key>
			<string>149D31D71C75480800866522</string>
			<key>remoteInfo</key>
			<string>picdive</string>
		</dict>
		<key>149D31EE1C75480D00866522</key>
		<dict>
			<key>isa</key>
			<string>PBXTargetDependency</string>
			<key>target</key>
			<string>149D31D71C75480800866522</string>
			<key>targetProxy</key>
			<string>149D31ED1C75480D00866522</string>
		</dict>
		<key>149D31EF1C75480D00866522</key>
		<dict>
			<key>children</key>
			<array>
				<string>149D31F21C75480D00866522</string>
				<string>48FFB22B1C78B840002340D7</string>
				<string>48EDFF591CD63ED300B879D3</string>
				<string>48FFB22A1C78B83F002340D7</string>
			</array>
			<key>isa</key>
			<string>PBXGroup</string>
			<key>path</key>
			<string>picdiveTests</string>
			<key>sourceTree</key>
			<string>&lt;group&gt;</string>
		</dict>
		<key>149D31F21C75480D00866522</key>
		<dict>
			<key>isa</key>
			<string>PBXFileReference</string>
			<key>lastKnownFileType</key>
			<string>text.plist.xml</string>
			<key>path</key>
			<string>Info.plist</string>
			<key>sourceTree</key>
			<string>&lt;group&gt;</string>
		</dict>
		<key>149D31F31C75480D00866522</key>
		<dict>
			<key>buildSettings</key>
			<dict>
				<key>ALWAYS_SEARCH_USER_PATHS</key>
				<string>NO</string>
				<key>CLANG_CXX_LANGUAGE_STANDARD</key>
				<string>gnu++0x</string>
				<key>CLANG_CXX_LIBRARY</key>
				<string>libc++</string>
				<key>CLANG_ENABLE_MODULES</key>
				<string>YES</string>
				<key>CLANG_ENABLE_OBJC_ARC</key>
				<string>YES</string>
				<key>CLANG_WARN_BOOL_CONVERSION</key>
				<string>YES</string>
				<key>CLANG_WARN_CONSTANT_CONVERSION</key>
				<string>YES</string>
				<key>CLANG_WARN_DIRECT_OBJC_ISA_USAGE</key>
				<string>YES_ERROR</string>
				<key>CLANG_WARN_EMPTY_BODY</key>
				<string>YES</string>
				<key>CLANG_WARN_ENUM_CONVERSION</key>
				<string>YES</string>
				<key>CLANG_WARN_INT_CONVERSION</key>
				<string>YES</string>
				<key>CLANG_WARN_OBJC_ROOT_CLASS</key>
				<string>YES_ERROR</string>
				<key>CLANG_WARN_UNREACHABLE_CODE</key>
				<string>YES</string>
				<key>CLANG_WARN__DUPLICATE_METHOD_MATCH</key>
				<string>YES</string>
				<key>CODE_SIGN_IDENTITY[sdk=iphoneos*]</key>
				<string>iPhone Developer</string>
				<key>COPY_PHASE_STRIP</key>
				<string>NO</string>
				<key>DEBUG_INFORMATION_FORMAT</key>
				<string>dwarf</string>
				<key>ENABLE_STRICT_OBJC_MSGSEND</key>
				<string>YES</string>
				<key>ENABLE_TESTABILITY</key>
				<string>YES</string>
				<key>GCC_C_LANGUAGE_STANDARD</key>
				<string>gnu99</string>
				<key>GCC_DYNAMIC_NO_PIC</key>
				<string>NO</string>
				<key>GCC_NO_COMMON_BLOCKS</key>
				<string>YES</string>
				<key>GCC_OPTIMIZATION_LEVEL</key>
				<string>0</string>
				<key>GCC_PREPROCESSOR_DEFINITIONS</key>
				<array>
					<string>DEBUG=1</string>
					<string>$(inherited)</string>
				</array>
				<key>GCC_WARN_64_TO_32_BIT_CONVERSION</key>
				<string>YES</string>
				<key>GCC_WARN_ABOUT_RETURN_TYPE</key>
				<string>YES_ERROR</string>
				<key>GCC_WARN_UNDECLARED_SELECTOR</key>
				<string>YES</string>
				<key>GCC_WARN_UNINITIALIZED_AUTOS</key>
				<string>YES_AGGRESSIVE</string>
				<key>GCC_WARN_UNUSED_FUNCTION</key>
				<string>YES</string>
				<key>GCC_WARN_UNUSED_VARIABLE</key>
				<string>YES</string>
				<key>IPHONEOS_DEPLOYMENT_TARGET</key>
				<string>9.2</string>
				<key>MTL_ENABLE_DEBUG_INFO</key>
				<string>YES</string>
				<key>ONLY_ACTIVE_ARCH</key>
				<string>YES</string>
				<key>SDKROOT</key>
				<string>iphoneos</string>
				<key>SWIFT_OPTIMIZATION_LEVEL</key>
				<string>-Onone</string>
				<key>TARGETED_DEVICE_FAMILY</key>
				<string>1,2</string>
			</dict>
			<key>isa</key>
			<string>XCBuildConfiguration</string>
			<key>name</key>
			<string>Debug</string>
		</dict>
		<key>149D31F41C75480D00866522</key>
		<dict>
			<key>buildSettings</key>
			<dict>
				<key>ALWAYS_SEARCH_USER_PATHS</key>
				<string>NO</string>
				<key>CLANG_CXX_LANGUAGE_STANDARD</key>
				<string>gnu++0x</string>
				<key>CLANG_CXX_LIBRARY</key>
				<string>libc++</string>
				<key>CLANG_ENABLE_MODULES</key>
				<string>YES</string>
				<key>CLANG_ENABLE_OBJC_ARC</key>
				<string>YES</string>
				<key>CLANG_WARN_BOOL_CONVERSION</key>
				<string>YES</string>
				<key>CLANG_WARN_CONSTANT_CONVERSION</key>
				<string>YES</string>
				<key>CLANG_WARN_DIRECT_OBJC_ISA_USAGE</key>
				<string>YES_ERROR</string>
				<key>CLANG_WARN_EMPTY_BODY</key>
				<string>YES</string>
				<key>CLANG_WARN_ENUM_CONVERSION</key>
				<string>YES</string>
				<key>CLANG_WARN_INT_CONVERSION</key>
				<string>YES</string>
				<key>CLANG_WARN_OBJC_ROOT_CLASS</key>
				<string>YES_ERROR</string>
				<key>CLANG_WARN_UNREACHABLE_CODE</key>
				<string>YES</string>
				<key>CLANG_WARN__DUPLICATE_METHOD_MATCH</key>
				<string>YES</string>
				<key>CODE_SIGN_IDENTITY[sdk=iphoneos*]</key>
				<string>iPhone Developer</string>
				<key>COPY_PHASE_STRIP</key>
				<string>NO</string>
				<key>DEBUG_INFORMATION_FORMAT</key>
				<string>dwarf-with-dsym</string>
				<key>ENABLE_NS_ASSERTIONS</key>
				<string>NO</string>
				<key>ENABLE_STRICT_OBJC_MSGSEND</key>
				<string>YES</string>
				<key>GCC_C_LANGUAGE_STANDARD</key>
				<string>gnu99</string>
				<key>GCC_NO_COMMON_BLOCKS</key>
				<string>YES</string>
				<key>GCC_WARN_64_TO_32_BIT_CONVERSION</key>
				<string>YES</string>
				<key>GCC_WARN_ABOUT_RETURN_TYPE</key>
				<string>YES_ERROR</string>
				<key>GCC_WARN_UNDECLARED_SELECTOR</key>
				<string>YES</string>
				<key>GCC_WARN_UNINITIALIZED_AUTOS</key>
				<string>YES_AGGRESSIVE</string>
				<key>GCC_WARN_UNUSED_FUNCTION</key>
				<string>YES</string>
				<key>GCC_WARN_UNUSED_VARIABLE</key>
				<string>YES</string>
				<key>IPHONEOS_DEPLOYMENT_TARGET</key>
				<string>9.2</string>
				<key>MTL_ENABLE_DEBUG_INFO</key>
				<string>NO</string>
				<key>SDKROOT</key>
				<string>iphoneos</string>
				<key>TARGETED_DEVICE_FAMILY</key>
				<string>1,2</string>
				<key>VALIDATE_PRODUCT</key>
				<string>YES</string>
			</dict>
			<key>isa</key>
			<string>XCBuildConfiguration</string>
			<key>name</key>
			<string>Release</string>
		</dict>
		<key>149D31F51C75480D00866522</key>
		<dict>
			<key>buildConfigurations</key>
			<array>
				<string>149D31F61C75480D00866522</string>
				<string>149D31F71C75480D00866522</string>
			</array>
			<key>defaultConfigurationIsVisible</key>
			<string>0</string>
			<key>defaultConfigurationName</key>
			<string>Release</string>
			<key>isa</key>
			<string>XCConfigurationList</string>
		</dict>
		<key>149D31F61C75480D00866522</key>
		<dict>
			<key>baseConfigurationReference</key>
			<string>A9AE8AEA1AC3F967538AB03D</string>
			<key>buildSettings</key>
			<dict>
				<key>ASSETCATALOG_COMPILER_APPICON_NAME</key>
				<string>AppIcon</string>
				<key>CODE_SIGN_IDENTITY</key>
				<string>iPhone Developer</string>
				<key>INFOPLIST_FILE</key>
				<string>picdive/Info.plist</string>
				<key>LD_RUNPATH_SEARCH_PATHS</key>
				<string>$(inherited) @executable_path/Frameworks</string>
				<key>OTHER_SWIFT_FLAGS</key>
				<string>$(inherited) "-D" "COCOAPODS" -Xfrontend -debug-time-function-bodies</string>
				<key>PRODUCT_BUNDLE_IDENTIFIER</key>
				<string>com.sellistsabend.picdive</string>
				<key>PRODUCT_NAME</key>
				<string>PictoGif</string>
			</dict>
			<key>isa</key>
			<string>XCBuildConfiguration</string>
			<key>name</key>
			<string>Debug</string>
		</dict>
		<key>149D31F71C75480D00866522</key>
		<dict>
			<key>baseConfigurationReference</key>
			<string>44C68FC6A7BA52A2F1544D15</string>
			<key>buildSettings</key>
			<dict>
				<key>ASSETCATALOG_COMPILER_APPICON_NAME</key>
				<string>AppIcon</string>
				<key>CODE_SIGN_IDENTITY</key>
				<string>iPhone Developer</string>
				<key>INFOPLIST_FILE</key>
				<string>picdive/Info.plist</string>
				<key>LD_RUNPATH_SEARCH_PATHS</key>
				<string>$(inherited) @executable_path/Frameworks</string>
				<key>OTHER_SWIFT_FLAGS</key>
				<string>$(inherited) "-D" "COCOAPODS" -Xfrontend -debug-time-function-bodies</string>
				<key>PRODUCT_BUNDLE_IDENTIFIER</key>
				<string>com.sellistsabend.picdive</string>
				<key>PRODUCT_NAME</key>
				<string>PictoGif</string>
			</dict>
			<key>isa</key>
			<string>XCBuildConfiguration</string>
			<key>name</key>
			<string>Release</string>
		</dict>
		<key>149D31F81C75480D00866522</key>
		<dict>
			<key>buildConfigurations</key>
			<array>
				<string>149D31F91C75480D00866522</string>
				<string>149D31FA1C75480D00866522</string>
			</array>
			<key>defaultConfigurationIsVisible</key>
			<string>0</string>
			<key>defaultConfigurationName</key>
			<string>Release</string>
			<key>isa</key>
			<string>XCConfigurationList</string>
		</dict>
		<key>149D31F91C75480D00866522</key>
		<dict>
			<key>baseConfigurationReference</key>
			<string>9BA02B2A276AC6B671F34E32</string>
			<key>buildSettings</key>
			<dict>
				<key>BUNDLE_LOADER</key>
				<string>$(TEST_HOST)</string>
				<key>CLANG_ENABLE_MODULES</key>
				<string>YES</string>
				<key>INFOPLIST_FILE</key>
				<string>picdiveTests/Info.plist</string>
				<key>LD_RUNPATH_SEARCH_PATHS</key>
				<string>$(inherited) @executable_path/Frameworks @loader_path/Frameworks</string>
				<key>PRODUCT_BUNDLE_IDENTIFIER</key>
				<string>com.sean.picdiveTests</string>
				<key>PRODUCT_NAME</key>
				<string>PictoGif</string>
				<key>SWIFT_OBJC_BRIDGING_HEADER</key>
				<string>picdiveTests/picdiveTests-Bridging-Header.h</string>
				<key>SWIFT_OPTIMIZATION_LEVEL</key>
				<string>-Onone</string>
				<key>TEST_HOST</key>
				<string>$(BUILT_PRODUCTS_DIR)/PictoGif.app/PictoGif</string>
			</dict>
			<key>isa</key>
			<string>XCBuildConfiguration</string>
			<key>name</key>
			<string>Debug</string>
		</dict>
		<key>149D31FA1C75480D00866522</key>
		<dict>
			<key>baseConfigurationReference</key>
			<string>4669ED52AADF0CBA308B1DC1</string>
			<key>buildSettings</key>
			<dict>
				<key>BUNDLE_LOADER</key>
				<string>$(TEST_HOST)</string>
				<key>CLANG_ENABLE_MODULES</key>
				<string>YES</string>
				<key>INFOPLIST_FILE</key>
				<string>picdiveTests/Info.plist</string>
				<key>LD_RUNPATH_SEARCH_PATHS</key>
				<string>$(inherited) @executable_path/Frameworks @loader_path/Frameworks</string>
				<key>PRODUCT_BUNDLE_IDENTIFIER</key>
				<string>com.sean.picdiveTests</string>
				<key>PRODUCT_NAME</key>
				<string>PictoGif</string>
				<key>SWIFT_OBJC_BRIDGING_HEADER</key>
				<string>picdiveTests/picdiveTests-Bridging-Header.h</string>
				<key>TEST_HOST</key>
				<string>$(BUILT_PRODUCTS_DIR)/PictoGif.app/PictoGif</string>
			</dict>
			<key>isa</key>
			<string>XCBuildConfiguration</string>
			<key>name</key>
			<string>Release</string>
		</dict>
		<key>1BF858C01DAC648F509288EE</key>
		<dict>
			<key>fileRef</key>
			<string>50CF522E8F64E0E321981EE3</string>
			<key>isa</key>
			<string>PBXBuildFile</string>
		</dict>
		<key>222F278ABF557131B2FCC983</key>
		<dict>
			<key>fileRef</key>
			<string>91ED91F282094774DFF33927</string>
			<key>isa</key>
			<string>PBXBuildFile</string>
		</dict>
		<key>44C68FC6A7BA52A2F1544D15</key>
		<dict>
			<key>includeInIndex</key>
			<string>1</string>
			<key>isa</key>
			<string>PBXFileReference</string>
			<key>lastKnownFileType</key>
			<string>text.xcconfig</string>
			<key>name</key>
			<string>Pods-picdive.release.xcconfig</string>
			<key>path</key>
			<string>Pods/Target Support Files/Pods-picdive/Pods-picdive.release.xcconfig</string>
			<key>sourceTree</key>
			<string>&lt;group&gt;</string>
		</dict>
		<key>4669ED52AADF0CBA308B1DC1</key>
		<dict>
			<key>includeInIndex</key>
			<string>1</string>
			<key>isa</key>
			<string>PBXFileReference</string>
			<key>lastKnownFileType</key>
			<string>text.xcconfig</string>
			<key>name</key>
			<string>Pods-picdiveTests.release.xcconfig</string>
			<key>path</key>
			<string>Pods/Target Support Files/Pods-picdiveTests/Pods-picdiveTests.release.xcconfig</string>
			<key>sourceTree</key>
			<string>&lt;group&gt;</string>
		</dict>
		<key>4877D2C71CB73A7F007FBB07</key>
		<dict>
			<key>fileEncoding</key>
			<string>4</string>
			<key>isa</key>
			<string>PBXFileReference</string>
			<key>lastKnownFileType</key>
			<string>sourcecode.swift</string>
			<key>path</key>
			<string>ImagePickerViewController.swift</string>
			<key>sourceTree</key>
			<string>&lt;group&gt;</string>
		</dict>
		<key>4877D2C81CB73A7F007FBB07</key>
		<dict>
			<key>fileRef</key>
			<string>4877D2C71CB73A7F007FBB07</string>
			<key>isa</key>
			<string>PBXBuildFile</string>
		</dict>
		<key>4884BFE21CDFEE9C00761F30</key>
		<dict>
			<key>fileEncoding</key>
			<string>4</string>
			<key>isa</key>
			<string>PBXFileReference</string>
			<key>lastKnownFileType</key>
			<string>sourcecode.swift</string>
			<key>path</key>
			<string>EasingViewController.swift</string>
			<key>sourceTree</key>
			<string>&lt;group&gt;</string>
		</dict>
		<key>4884BFE31CDFEE9C00761F30</key>
		<dict>
			<key>fileRef</key>
			<string>4884BFE21CDFEE9C00761F30</string>
			<key>isa</key>
			<string>PBXBuildFile</string>
		</dict>
		<key>489277181D039AD400DEB9B3</key>
		<dict>
			<key>isa</key>
			<string>PBXFileReference</string>
			<key>lastKnownFileType</key>
			<string>wrapper.framework</string>
			<key>name</key>
			<string>StoreKit.framework</string>
			<key>path</key>
			<string>System/Library/Frameworks/StoreKit.framework</string>
			<key>sourceTree</key>
			<string>SDKROOT</string>
		</dict>
		<key>489277191D039AD400DEB9B3</key>
		<dict>
			<key>fileRef</key>
			<string>489277181D039AD400DEB9B3</string>
			<key>isa</key>
			<string>PBXBuildFile</string>
		</dict>
		<key>4892771A1D039BFA00DEB9B3</key>
		<dict>
			<key>fileEncoding</key>
			<string>4</string>
			<key>isa</key>
			<string>PBXFileReference</string>
			<key>lastKnownFileType</key>
			<string>sourcecode.swift</string>
			<key>path</key>
			<string>IAPHelper.swift</string>
			<key>sourceTree</key>
			<string>&lt;group&gt;</string>
		</dict>
		<key>4892771B1D039BFA00DEB9B3</key>
		<dict>
			<key>fileRef</key>
			<string>4892771A1D039BFA00DEB9B3</string>
			<key>isa</key>
			<string>PBXBuildFile</string>
		</dict>
		<key>4892771C1D039C0000DEB9B3</key>
		<dict>
			<key>fileEncoding</key>
			<string>4</string>
			<key>isa</key>
			<string>PBXFileReference</string>
			<key>lastKnownFileType</key>
			<string>sourcecode.swift</string>
			<key>path</key>
			<string>PicDiveProducts.swift</string>
			<key>sourceTree</key>
			<string>&lt;group&gt;</string>
		</dict>
		<key>4892771D1D039C0000DEB9B3</key>
		<dict>
			<key>fileRef</key>
			<string>4892771C1D039C0000DEB9B3</string>
			<key>isa</key>
			<string>PBXBuildFile</string>
		</dict>
		<key>489277201D0482FC00DEB9B3</key>
		<dict>
			<key>isa</key>
			<string>PBXFileReference</string>
			<key>lastKnownFileType</key>
			<string>file</string>
			<key>path</key>
			<string>Myriad Pro Regular.ttf</string>
			<key>sourceTree</key>
			<string>&lt;group&gt;</string>
		</dict>
		<key>489277211D04852400DEB9B3</key>
		<dict>
			<key>fileRef</key>
			<string>489277201D0482FC00DEB9B3</string>
			<key>isa</key>
			<string>PBXBuildFile</string>
		</dict>
		<key>489277221D059DFB00DEB9B3</key>
		<dict>
			<key>fileEncoding</key>
			<string>4</string>
			<key>isa</key>
			<string>PBXFileReference</string>
			<key>lastKnownFileType</key>
			<string>sourcecode.swift</string>
			<key>path</key>
			<string>SubtitledButton.swift</string>
			<key>sourceTree</key>
			<string>&lt;group&gt;</string>
		</dict>
		<key>489277231D059DFB00DEB9B3</key>
		<dict>
			<key>fileRef</key>
			<string>489277221D059DFB00DEB9B3</string>
			<key>isa</key>
			<string>PBXBuildFile</string>
		</dict>
		<key>48A0C7D61CEC904300ACD5A7</key>
		<dict>
			<key>fileEncoding</key>
			<string>4</string>
			<key>isa</key>
			<string>PBXFileReference</string>
			<key>lastKnownFileType</key>
			<string>sourcecode.swift</string>
			<key>path</key>
			<string>Array+PicDive.swift</string>
			<key>sourceTree</key>
			<string>&lt;group&gt;</string>
		</dict>
		<key>48A0C7D71CEC904300ACD5A7</key>
		<dict>
			<key>fileRef</key>
			<string>48A0C7D61CEC904300ACD5A7</string>
			<key>isa</key>
			<string>PBXBuildFile</string>
		</dict>
		<key>48A0C7DA1CFC8B3000ACD5A7</key>
		<dict>
			<key>fileEncoding</key>
			<string>4</string>
			<key>isa</key>
			<string>PBXFileReference</string>
			<key>lastKnownFileType</key>
			<string>sourcecode.swift</string>
			<key>path</key>
			<string>Easings.swift</string>
			<key>sourceTree</key>
			<string>&lt;group&gt;</string>
		</dict>
		<key>48A0C7DB1CFC8B3000ACD5A7</key>
		<dict>
			<key>fileRef</key>
			<string>48A0C7DA1CFC8B3000ACD5A7</string>
			<key>isa</key>
			<string>PBXBuildFile</string>
		</dict>
		<key>48A0C7DC1CFC8B4600ACD5A7</key>
		<dict>
			<key>fileEncoding</key>
			<string>4</string>
			<key>isa</key>
			<string>PBXFileReference</string>
			<key>lastKnownFileType</key>
			<string>sourcecode.swift</string>
			<key>path</key>
			<string>EasingCell.swift</string>
			<key>sourceTree</key>
			<string>&lt;group&gt;</string>
		</dict>
		<key>48A0C7DD1CFC8B4600ACD5A7</key>
		<dict>
			<key>fileRef</key>
			<string>48A0C7DC1CFC8B4600ACD5A7</string>
			<key>isa</key>
			<string>PBXBuildFile</string>
		</dict>
		<key>48A0C7DE1CFD006500ACD5A7</key>
		<dict>
			<key>fileEncoding</key>
			<string>4</string>
			<key>isa</key>
			<string>PBXFileReference</string>
			<key>lastKnownFileType</key>
			<string>sourcecode.swift</string>
			<key>path</key>
			<string>NumberConversions+PicDive.swift</string>
			<key>sourceTree</key>
			<string>&lt;group&gt;</string>
		</dict>
		<key>48A0C7DF1CFD006500ACD5A7</key>
		<dict>
			<key>fileRef</key>
			<string>48A0C7DE1CFD006500ACD5A7</string>
			<key>isa</key>
			<string>PBXBuildFile</string>
		</dict>
		<key>48A0C7E01CFD062B00ACD5A7</key>
		<dict>
			<key>fileEncoding</key>
			<string>4</string>
			<key>isa</key>
			<string>PBXFileReference</string>
			<key>lastKnownFileType</key>
			<string>sourcecode.swift</string>
			<key>path</key>
			<string>UIView+Animations.swift</string>
			<key>sourceTree</key>
			<string>&lt;group&gt;</string>
		</dict>
		<key>48A0C7E11CFD062B00ACD5A7</key>
		<dict>
			<key>fileRef</key>
			<string>48A0C7E01CFD062B00ACD5A7</string>
			<key>isa</key>
			<string>PBXBuildFile</string>
		</dict>
		<key>48A7C22C1CCBEF1F0011D669</key>
		<dict>
			<key>fileEncoding</key>
			<string>4</string>
			<key>isa</key>
			<string>PBXFileReference</string>
			<key>lastKnownFileType</key>
			<string>sourcecode.swift</string>
			<key>path</key>
			<string>ImageCropper.swift</string>
			<key>sourceTree</key>
			<string>&lt;group&gt;</string>
		</dict>
		<key>48A7C22D1CCBEF1F0011D669</key>
		<dict>
			<key>fileRef</key>
			<string>48A7C22C1CCBEF1F0011D669</string>
			<key>isa</key>
			<string>PBXBuildFile</string>
		</dict>
		<key>48A7C22E1CCBEF5A0011D669</key>
		<dict>
			<key>fileEncoding</key>
			<string>4</string>
			<key>isa</key>
			<string>PBXFileReference</string>
			<key>lastKnownFileType</key>
			<string>sourcecode.swift</string>
			<key>path</key>
			<string>PhotoRetriever.swift</string>
			<key>sourceTree</key>
			<string>&lt;group&gt;</string>
		</dict>
		<key>48A7C22F1CCBEF5A0011D669</key>
		<dict>
			<key>fileRef</key>
			<string>48A7C22E1CCBEF5A0011D669</string>
			<key>isa</key>
			<string>PBXBuildFile</string>
		</dict>
		<key>48A7C2301CCBEF7B0011D669</key>
		<dict>
			<key>fileEncoding</key>
			<string>4</string>
			<key>isa</key>
			<string>PBXFileReference</string>
			<key>lastKnownFileType</key>
			<string>sourcecode.swift</string>
			<key>path</key>
			<string>ImagePickerCell.swift</string>
			<key>sourceTree</key>
			<string>&lt;group&gt;</string>
		</dict>
		<key>48A7C2311CCBEF7B0011D669</key>
		<dict>
			<key>fileRef</key>
			<string>48A7C2301CCBEF7B0011D669</string>
			<key>isa</key>
			<string>PBXBuildFile</string>
		</dict>
		<key>48D123221D032E3E00622647</key>
		<dict>
			<key>fileEncoding</key>
			<string>4</string>
			<key>isa</key>
			<string>PBXFileReference</string>
			<key>lastKnownFileType</key>
			<string>sourcecode.swift</string>
			<key>path</key>
			<string>Async.swift</string>
			<key>sourceTree</key>
			<string>&lt;group&gt;</string>
		</dict>
		<key>48D123231D032E3E00622647</key>
		<dict>
			<key>fileRef</key>
			<string>48D123221D032E3E00622647</string>
			<key>isa</key>
			<string>PBXBuildFile</string>
		</dict>
		<key>48EDFF511CD0593C00B879D3</key>
		<dict>
			<key>fileEncoding</key>
			<string>4</string>
			<key>isa</key>
			<string>PBXFileReference</string>
			<key>lastKnownFileType</key>
			<string>sourcecode.swift</string>
			<key>path</key>
			<string>CustomizeGifViewController.swift</string>
			<key>sourceTree</key>
			<string>&lt;group&gt;</string>
		</dict>
		<key>48EDFF521CD0593C00B879D3</key>
		<dict>
			<key>fileRef</key>
			<string>48EDFF511CD0593C00B879D3</string>
			<key>isa</key>
			<string>PBXBuildFile</string>
		</dict>
		<key>48EDFF531CD05A2A00B879D3</key>
		<dict>
			<key>fileEncoding</key>
			<string>4</string>
			<key>isa</key>
			<string>PBXFileReference</string>
			<key>lastKnownFileType</key>
			<string>sourcecode.swift</string>
			<key>path</key>
			<string>PublishingViewController.swift</string>
			<key>sourceTree</key>
			<string>&lt;group&gt;</string>
		</dict>
		<key>48EDFF541CD05A2A00B879D3</key>
		<dict>
			<key>fileRef</key>
			<string>48EDFF531CD05A2A00B879D3</string>
			<key>isa</key>
			<string>PBXBuildFile</string>
		</dict>
		<key>48EDFF551CD05ED700B879D3</key>
		<dict>
			<key>fileEncoding</key>
			<string>4</string>
			<key>isa</key>
			<string>PBXFileReference</string>
			<key>lastKnownFileType</key>
			<string>sourcecode.swift</string>
			<key>path</key>
			<string>NavigationController.swift</string>
			<key>sourceTree</key>
			<string>&lt;group&gt;</string>
		</dict>
		<key>48EDFF561CD05ED700B879D3</key>
		<dict>
			<key>fileRef</key>
			<string>48EDFF551CD05ED700B879D3</string>
			<key>isa</key>
			<string>PBXBuildFile</string>
		</dict>
		<key>48EDFF571CD22DDA00B879D3</key>
		<dict>
			<key>fileEncoding</key>
			<string>4</string>
			<key>isa</key>
			<string>PBXFileReference</string>
			<key>lastKnownFileType</key>
			<string>sourcecode.swift</string>
			<key>path</key>
			<string>FlowViewController.swift</string>
			<key>sourceTree</key>
			<string>&lt;group&gt;</string>
		</dict>
		<key>48EDFF581CD22DDA00B879D3</key>
		<dict>
			<key>fileRef</key>
			<string>48EDFF571CD22DDA00B879D3</string>
			<key>isa</key>
			<string>PBXBuildFile</string>
		</dict>
		<key>48EDFF591CD63ED300B879D3</key>
		<dict>
			<key>fileEncoding</key>
			<string>4</string>
			<key>isa</key>
			<string>PBXFileReference</string>
			<key>lastKnownFileType</key>
			<string>sourcecode.swift</string>
			<key>path</key>
			<string>CGRect+PicDiveSpec.swift</string>
			<key>sourceTree</key>
			<string>&lt;group&gt;</string>
		</dict>
		<key>48EDFF5A1CD63ED300B879D3</key>
		<dict>
			<key>fileRef</key>
			<string>48EDFF591CD63ED300B879D3</string>
			<key>isa</key>
			<string>PBXBuildFile</string>
		</dict>
		<key>48EDFF5B1CD6411A00B879D3</key>
		<dict>
			<key>fileEncoding</key>
			<string>4</string>
			<key>isa</key>
			<string>PBXFileReference</string>
			<key>lastKnownFileType</key>
			<string>sourcecode.swift</string>
			<key>path</key>
			<string>CGRect+PicDive.swift</string>
			<key>sourceTree</key>
			<string>&lt;group&gt;</string>
		</dict>
		<key>48EDFF5C1CD6411A00B879D3</key>
		<dict>
			<key>fileRef</key>
			<string>48EDFF5B1CD6411A00B879D3</string>
			<key>isa</key>
			<string>PBXBuildFile</string>
		</dict>
		<key>48FFB2261C78B3E3002340D7</key>
		<dict>
			<key>fileEncoding</key>
			<string>4</string>
			<key>isa</key>
			<string>PBXFileReference</string>
			<key>lastKnownFileType</key>
			<string>sourcecode.swift</string>
			<key>path</key>
			<string>UIImage+PicDive.swift</string>
			<key>sourceTree</key>
			<string>&lt;group&gt;</string>
		</dict>
		<key>48FFB2271C78B3E3002340D7</key>
		<dict>
			<key>fileRef</key>
			<string>48FFB2261C78B3E3002340D7</string>
			<key>isa</key>
			<string>PBXBuildFile</string>
		</dict>
		<key>48FFB2281C78B3F4002340D7</key>
		<dict>
			<key>fileEncoding</key>
			<string>4</string>
			<key>isa</key>
			<string>PBXFileReference</string>
			<key>lastKnownFileType</key>
			<string>sourcecode.swift</string>
			<key>path</key>
			<string>UIView+Helpers.swift</string>
			<key>sourceTree</key>
			<string>&lt;group&gt;</string>
		</dict>
		<key>48FFB2291C78B3F4002340D7</key>
		<dict>
			<key>fileRef</key>
			<string>48FFB2281C78B3F4002340D7</string>
			<key>isa</key>
			<string>PBXBuildFile</string>
		</dict>
		<key>48FFB22A1C78B83F002340D7</key>
		<dict>
			<key>isa</key>
			<string>PBXFileReference</string>
			<key>lastKnownFileType</key>
			<string>sourcecode.c.h</string>
			<key>path</key>
			<string>picdiveTests-Bridging-Header.h</string>
			<key>sourceTree</key>
			<string>&lt;group&gt;</string>
		</dict>
		<key>48FFB22B1C78B840002340D7</key>
		<dict>
			<key>fileEncoding</key>
			<string>4</string>
			<key>isa</key>
			<string>PBXFileReference</string>
			<key>lastKnownFileType</key>
			<string>sourcecode.swift</string>
			<key>path</key>
			<string>UIImage+PicDiveSpec.swift</string>
			<key>sourceTree</key>
			<string>&lt;group&gt;</string>
		</dict>
		<key>48FFB22C1C78B840002340D7</key>
		<dict>
			<key>fileRef</key>
			<string>48FFB22B1C78B840002340D7</string>
			<key>isa</key>
			<string>PBXBuildFile</string>
		</dict>
		<key>50CF522E8F64E0E321981EE3</key>
		<dict>
			<key>explicitFileType</key>
			<string>wrapper.framework</string>
			<key>includeInIndex</key>
			<string>0</string>
			<key>isa</key>
			<string>PBXFileReference</string>
			<key>path</key>
			<string>Pods_picdiveTests.framework</string>
			<key>sourceTree</key>
			<string>BUILT_PRODUCTS_DIR</string>
		</dict>
		<key>5EE3BA97FC855E9367121E03</key>
		<dict>
			<key>buildActionMask</key>
			<string>2147483647</string>
			<key>files</key>
			<array/>
			<key>inputPaths</key>
			<array/>
			<key>isa</key>
			<string>PBXShellScriptBuildPhase</string>
			<key>name</key>
			<string>Check Pods Manifest.lock</string>
			<key>outputPaths</key>
			<array/>
			<key>runOnlyForDeploymentPostprocessing</key>
			<string>0</string>
			<key>shellPath</key>
			<string>/bin/sh</string>
			<key>shellScript</key>
			<string>diff "${PODS_ROOT}/../Podfile.lock" "${PODS_ROOT}/Manifest.lock" &gt; /dev/null
if [[ $? != 0 ]] ; then
    cat &lt;&lt; EOM
error: The sandbox is not in sync with the Podfile.lock. Run 'pod install' or update your CocoaPods installation.
EOM
    exit 1
fi
</string>
			<key>showEnvVarsInLog</key>
			<string>0</string>
		</dict>
		<key>8F778AA7CAAAF16EE5BB8863</key>
		<dict>
			<key>fileRef</key>
			<string>B72AE5DE8F74B84013DD98A7</string>
			<key>isa</key>
			<string>PBXBuildFile</string>
		</dict>
		<key>91ED91F282094774DFF33927</key>
		<dict>
			<key>explicitFileType</key>
			<string>wrapper.framework</string>
			<key>includeInIndex</key>
			<string>0</string>
			<key>isa</key>
			<string>PBXFileReference</string>
			<key>path</key>
			<string>Pods_PictoGifTests.framework</string>
			<key>sourceTree</key>
			<string>BUILT_PRODUCTS_DIR</string>
		</dict>
		<key>932EA90B75C1F5FAD99F9776</key>
		<dict>
			<key>fileRef</key>
			<string>E137DF1827F36C772BE40547</string>
			<key>isa</key>
			<string>PBXBuildFile</string>
		</dict>
		<key>9BA02B2A276AC6B671F34E32</key>
		<dict>
			<key>includeInIndex</key>
			<string>1</string>
			<key>isa</key>
			<string>PBXFileReference</string>
			<key>lastKnownFileType</key>
			<string>text.xcconfig</string>
			<key>name</key>
			<string>Pods-picdiveTests.debug.xcconfig</string>
			<key>path</key>
			<string>Pods/Target Support Files/Pods-picdiveTests/Pods-picdiveTests.debug.xcconfig</string>
			<key>sourceTree</key>
			<string>&lt;group&gt;</string>
		</dict>
		<key>A5810AF91322143C6C8DC891</key>
		<dict>
			<key>buildActionMask</key>
			<string>2147483647</string>
			<key>files</key>
			<array/>
			<key>inputPaths</key>
			<array/>
			<key>isa</key>
			<string>PBXShellScriptBuildPhase</string>
			<key>name</key>
			<string>Embed Pods Frameworks</string>
			<key>outputPaths</key>
			<array/>
			<key>runOnlyForDeploymentPostprocessing</key>
			<string>0</string>
			<key>shellPath</key>
			<string>/bin/sh</string>
			<key>shellScript</key>
			<string>"${SRCROOT}/Pods/Target Support Files/Pods-PictoGif/Pods-PictoGif-frameworks.sh"
</string>
			<key>showEnvVarsInLog</key>
			<string>0</string>
		</dict>
		<key>A9AE8AEA1AC3F967538AB03D</key>
		<dict>
			<key>includeInIndex</key>
			<string>1</string>
			<key>isa</key>
			<string>PBXFileReference</string>
			<key>lastKnownFileType</key>
			<string>text.xcconfig</string>
			<key>name</key>
			<string>Pods-picdive.debug.xcconfig</string>
			<key>path</key>
			<string>Pods/Target Support Files/Pods-picdive/Pods-picdive.debug.xcconfig</string>
			<key>sourceTree</key>
			<string>&lt;group&gt;</string>
		</dict>
		<key>AA5F25A58D0D644A7E6CE0C1</key>
		<dict>
			<key>buildActionMask</key>
			<string>2147483647</string>
			<key>files</key>
			<array/>
			<key>inputPaths</key>
			<array/>
			<key>isa</key>
			<string>PBXShellScriptBuildPhase</string>
			<key>name</key>
			<string>Copy Pods Resources</string>
			<key>outputPaths</key>
			<array/>
			<key>runOnlyForDeploymentPostprocessing</key>
			<string>0</string>
			<key>shellPath</key>
			<string>/bin/sh</string>
			<key>shellScript</key>
			<string>"${SRCROOT}/Pods/Target Support Files/Pods-PictoGif/Pods-PictoGif-resources.sh"
</string>
			<key>showEnvVarsInLog</key>
			<string>0</string>
		</dict>
		<key>B72AE5DE8F74B84013DD98A7</key>
		<dict>
			<key>explicitFileType</key>
			<string>wrapper.framework</string>
			<key>includeInIndex</key>
			<string>0</string>
			<key>isa</key>
			<string>PBXFileReference</string>
			<key>path</key>
			<string>Pods_PictoGif.framework</string>
			<key>sourceTree</key>
			<string>BUILT_PRODUCTS_DIR</string>
		</dict>
		<key>BF258069B23DC4DF63FE01B3</key>
		<dict>
			<key>children</key>
			<array>
				<string>489277181D039AD400DEB9B3</string>
				<string>50CF522E8F64E0E321981EE3</string>
				<string>E137DF1827F36C772BE40547</string>
				<string>B72AE5DE8F74B84013DD98A7</string>
				<string>91ED91F282094774DFF33927</string>
			</array>
			<key>isa</key>
			<string>PBXGroup</string>
			<key>name</key>
			<string>Frameworks</string>
			<key>sourceTree</key>
			<string>&lt;group&gt;</string>
		</dict>
		<key>D2618D6F052D67614AFE7112</key>
		<dict>
			<key>buildActionMask</key>
			<string>2147483647</string>
			<key>files</key>
			<array/>
			<key>inputPaths</key>
			<array/>
			<key>isa</key>
			<string>PBXShellScriptBuildPhase</string>
			<key>name</key>
			<string>Embed Pods Frameworks</string>
			<key>outputPaths</key>
			<array/>
			<key>runOnlyForDeploymentPostprocessing</key>
			<string>0</string>
			<key>shellPath</key>
			<string>/bin/sh</string>
			<key>shellScript</key>
			<string>"${SRCROOT}/Pods/Target Support Files/Pods-PictoGifTests/Pods-PictoGifTests-frameworks.sh"
</string>
			<key>showEnvVarsInLog</key>
			<string>0</string>
		</dict>
		<key>E137DF1827F36C772BE40547</key>
		<dict>
			<key>explicitFileType</key>
			<string>wrapper.framework</string>
			<key>includeInIndex</key>
			<string>0</string>
			<key>isa</key>
			<string>PBXFileReference</string>
			<key>path</key>
			<string>Pods_picdive.framework</string>
			<key>sourceTree</key>
			<string>BUILT_PRODUCTS_DIR</string>
		</dict>
		<key>E78F29AAA2B2E908448FA1A3</key>
		<dict>
			<key>children</key>
			<array>
				<string>9BA02B2A276AC6B671F34E32</string>
				<string>4669ED52AADF0CBA308B1DC1</string>
				<string>A9AE8AEA1AC3F967538AB03D</string>
				<string>44C68FC6A7BA52A2F1544D15</string>
			</array>
			<key>isa</key>
			<string>PBXGroup</string>
			<key>name</key>
			<string>Pods</string>
			<key>sourceTree</key>
			<string>&lt;group&gt;</string>
		</dict>
	</dict>
	<key>rootObject</key>
	<string>149D31D01C75480700866522</string>
</dict>
</plist>
